// !$*UTF8*$!
{
	archiveVersion = 1;
	classes = {
	};
	objectVersion = 46;
	objects = {

/* Begin PBXBuildFile section */
		97F311D71DA0204200E38A10 /* AppDelegate.swift in Sources */ = {isa = PBXBuildFile; fileRef = 97F311D61DA0204200E38A10 /* AppDelegate.swift */; };
		97F311D91DA0204200E38A10 /* ViewController.swift in Sources */ = {isa = PBXBuildFile; fileRef = 97F311D81DA0204200E38A10 /* ViewController.swift */; };
		97F311DC1DA0204200E38A10 /* Main.storyboard in Resources */ = {isa = PBXBuildFile; fileRef = 97F311DA1DA0204200E38A10 /* Main.storyboard */; };
		97F311DE1DA0204200E38A10 /* Assets.xcassets in Resources */ = {isa = PBXBuildFile; fileRef = 97F311DD1DA0204200E38A10 /* Assets.xcassets */; };
		97F311E11DA0204200E38A10 /* LaunchScreen.storyboard in Resources */ = {isa = PBXBuildFile; fileRef = 97F311DF1DA0204200E38A10 /* LaunchScreen.storyboard */; };
/* End PBXBuildFile section */

/* Begin PBXFileReference section */
		97F311D31DA0204200E38A10 /* ivan-social.app */ = {isa = PBXFileReference; explicitFileType = wrapper.application; includeInIndex = 0; path = "ivan-social.app"; sourceTree = BUILT_PRODUCTS_DIR; };
		97F311D61DA0204200E38A10 /* AppDelegate.swift */ = {isa = PBXFileReference; lastKnownFileType = sourcecode.swift; path = AppDelegate.swift; sourceTree = "<group>"; };
		97F311D81DA0204200E38A10 /* ViewController.swift */ = {isa = PBXFileReference; lastKnownFileType = sourcecode.swift; path = ViewController.swift; sourceTree = "<group>"; };
		97F311DB1DA0204200E38A10 /* Base */ = {isa = PBXFileReference; lastKnownFileType = file.storyboard; name = Base; path = Base.lproj/Main.storyboard; sourceTree = "<group>"; };
		97F311DD1DA0204200E38A10 /* Assets.xcassets */ = {isa = PBXFileReference; lastKnownFileType = folder.assetcatalog; path = Assets.xcassets; sourceTree = "<group>"; };
		97F311E01DA0204200E38A10 /* Base */ = {isa = PBXFileReference; lastKnownFileType = file.storyboard; name = Base; path = Base.lproj/LaunchScreen.storyboard; sourceTree = "<group>"; };
		97F311E21DA0204200E38A10 /* Info.plist */ = {isa = PBXFileReference; lastKnownFileType = text.plist.xml; path = Info.plist; sourceTree = "<group>"; };
/* End PBXFileReference section */

/* Begin PBXFrameworksBuildPhase section */
		97F311D01DA0204100E38A10 /* Frameworks */ = {
			isa = PBXFrameworksBuildPhase;
			buildActionMask = 2147483647;
			files = (
			);
			runOnlyForDeploymentPostprocessing = 0;
		};
/* End PBXFrameworksBuildPhase section */

/* Begin PBXGroup section */
		97F311CA1DA0204100E38A10 = {
			isa = PBXGroup;
			children = (
				97F311D51DA0204200E38A10 /* ivan-social */,
				97F311D41DA0204200E38A10 /* Products */,
			);
			sourceTree = "<group>";
		};
		97F311D41DA0204200E38A10 /* Products */ = {
			isa = PBXGroup;
			children = (
				97F311D31DA0204200E38A10 /* ivan-social.app */,
			);
			name = Products;
			sourceTree = "<group>";
		};
		97F311D51DA0204200E38A10 /* ivan-social */ = {
			isa = PBXGroup;
			children = (
				97F311D61DA0204200E38A10 /* AppDelegate.swift */,
				97F311D81DA0204200E38A10 /* ViewController.swift */,
				97F311DA1DA0204200E38A10 /* Main.storyboard */,
				97F311DD1DA0204200E38A10 /* Assets.xcassets */,
				97F311DF1DA0204200E38A10 /* LaunchScreen.storyboard */,
				97F311E21DA0204200E38A10 /* Info.plist */,
			);
			path = "ivan-social";
			sourceTree = "<group>";
		};
/* End PBXGroup section */

/* Begin PBXNativeTarget section */
		97F311D21DA0204100E38A10 /* ivan-social */ = {
			isa = PBXNativeTarget;
			buildConfigurationList = 97F311E51DA0204200E38A10 /* Build configuration list for PBXNativeTarget "ivan-social" */;
			buildPhases = (
				97F311CF1DA0204100E38A10 /* Sources */,
				97F311D01DA0204100E38A10 /* Frameworks */,
				97F311D11DA0204100E38A10 /* Resources */,
			);
			buildRules = (
			);
			dependencies = (
			);
			name = "ivan-social";
			productName = "ivan-social";
			productReference = 97F311D31DA0204200E38A10 /* ivan-social.app */;
			productType = "com.apple.product-type.application";
		};
/* End PBXNativeTarget section */

/* Begin PBXProject section */
		97F311CB1DA0204100E38A10 /* Project object */ = {
			isa = PBXProject;
			attributes = {
				LastSwiftUpdateCheck = 0800;
				LastUpgradeCheck = 0800;
				ORGANIZATIONNAME = "Ivan Slavov";
				TargetAttributes = {
					97F311D21DA0204100E38A10 = {
						CreatedOnToolsVersion = 8.0;
						DevelopmentTeam = T9CPVE2F3P;
						ProvisioningStyle = Automatic;
					};
				};
			};
			buildConfigurationList = 97F311CE1DA0204100E38A10 /* Build configuration list for PBXProject "ivan-social" */;
			compatibilityVersion = "Xcode 3.2";
			developmentRegion = English;
			hasScannedForEncodings = 0;
			knownRegions = (
				en,
				Base,
			);
			mainGroup = 97F311CA1DA0204100E38A10;
			productRefGroup = 97F311D41DA0204200E38A10 /* Products */;
			projectDirPath = "";
			projectRoot = "";
			targets = (
				97F311D21DA0204100E38A10 /* ivan-social */,
			);
		};
/* End PBXProject section */

/* Begin PBXResourcesBuildPhase section */
		97F311D11DA0204100E38A10 /* Resources */ = {
			isa = PBXResourcesBuildPhase;
			buildActionMask = 2147483647;
			files = (
				97F311E11DA0204200E38A10 /* LaunchScreen.storyboard in Resources */,
				97F311DE1DA0204200E38A10 /* Assets.xcassets in Resources */,
				97F311DC1DA0204200E38A10 /* Main.storyboard in Resources */,
			);
			runOnlyForDeploymentPostprocessing = 0;
		};
/* End PBXResourcesBuildPhase section */

/* Begin PBXSourcesBuildPhase section */
		97F311CF1DA0204100E38A10 /* Sources */ = {
			isa = PBXSourcesBuildPhase;
			buildActionMask = 2147483647;
			files = (
				97F311D91DA0204200E38A10 /* ViewController.swift in Sources */,
				97F311D71DA0204200E38A10 /* AppDelegate.swift in Sources */,
			);
			runOnlyForDeploymentPostprocessing = 0;
		};
/* End PBXSourcesBuildPhase section */

/* Begin PBXVariantGroup section */
		97F311DA1DA0204200E38A10 /* Main.storyboard */ = {
			isa = PBXVariantGroup;
			children = (
				97F311DB1DA0204200E38A10 /* Base */,
			);
			name = Main.storyboard;
			sourceTree = "<group>";
		};
		97F311DF1DA0204200E38A10 /* LaunchScreen.storyboard */ = {
			isa = PBXVariantGroup;
			children = (
				97F311E01DA0204200E38A10 /* Base */,
			);
			name = LaunchScreen.storyboard;
			sourceTree = "<group>";
		};
/* End PBXVariantGroup section */

/* Begin XCBuildConfiguration section */
		97F311E31DA0204200E38A10 /* Debug */ = {
			isa = XCBuildConfiguration;
			buildSettings = {
				ALWAYS_SEARCH_USER_PATHS = NO;
				CLANG_ANALYZER_NONNULL = YES;
				CLANG_CXX_LANGUAGE_STANDARD = "gnu++0x";
				CLANG_CXX_LIBRARY = "libc++";
				CLANG_ENABLE_MODULES = YES;
				CLANG_ENABLE_OBJC_ARC = YES;
				CLANG_WARN_BOOL_CONVERSION = YES;
				CLANG_WARN_CONSTANT_CONVERSION = YES;
				CLANG_WARN_DIRECT_OBJC_ISA_USAGE = YES_ERROR;
				CLANG_WARN_DOCUMENTATION_COMMENTS = YES;
				CLANG_WARN_EMPTY_BODY = YES;
				CLANG_WARN_ENUM_CONVERSION = YES;
				CLANG_WARN_INFINITE_RECURSION = YES;
				CLANG_WARN_INT_CONVERSION = YES;
				CLANG_WARN_OBJC_ROOT_CLASS = YES_ERROR;
				CLANG_WARN_SUSPICIOUS_MOVES = YES;
				CLANG_WARN_UNREACHABLE_CODE = YES;
				CLANG_WARN__DUPLICATE_METHOD_MATCH = YES;
				"CODE_SIGN_IDENTITY[sdk=iphoneos*]" = "iPhone Developer";
				COPY_PHASE_STRIP = NO;
				DEBUG_INFORMATION_FORMAT = dwarf;
				ENABLE_STRICT_OBJC_MSGSEND = YES;
				ENABLE_TESTABILITY = YES;
				GCC_C_LANGUAGE_STANDARD = gnu99;
				GCC_DYNAMIC_NO_PIC = NO;
				GCC_NO_COMMON_BLOCKS = YES;
				GCC_OPTIMIZATION_LEVEL = 0;
				GCC_PREPROCESSOR_DEFINITIONS = (
					"DEBUG=1",
					"$(inherited)",
				);
				GCC_WARN_64_TO_32_BIT_CONVERSION = YES;
				GCC_WARN_ABOUT_RETURN_TYPE = YES_ERROR;
				GCC_WARN_UNDECLARED_SELECTOR = YES;
				GCC_WARN_UNINITIALIZED_AUTOS = YES_AGGRESSIVE;
				GCC_WARN_UNUSED_FUNCTION = YES;
				GCC_WARN_UNUSED_VARIABLE = YES;
				IPHONEOS_DEPLOYMENT_TARGET = 10.0;
				MTL_ENABLE_DEBUG_INFO = YES;
				ONLY_ACTIVE_ARCH = YES;
				SDKROOT = iphoneos;
				SWIFT_ACTIVE_COMPILATION_CONDITIONS = DEBUG;
				SWIFT_OPTIMIZATION_LEVEL = "-Onone";
				TARGETED_DEVICE_FAMILY = "1,2";
			};
			name = Debug;
		};
		97F311E41DA0204200E38A10 /* Release */ = {
			isa = XCBuildConfiguration;
			buildSettings = {
				ALWAYS_SEARCH_USER_PATHS = NO;
				CLANG_ANALYZER_NONNULL = YES;
				CLANG_CXX_LANGUAGE_STANDARD = "gnu++0x";
				CLANG_CXX_LIBRARY = "libc++";
				CLANG_ENABLE_MODULES = YES;
				CLANG_ENABLE_OBJC_ARC = YES;
				CLANG_WARN_BOOL_CONVERSION = YES;
				CLANG_WARN_CONSTANT_CONVERSION = YES;
				CLANG_WARN_DIRECT_OBJC_ISA_USAGE = YES_ERROR;
				CLANG_WARN_DOCUMENTATION_COMMENTS = YES;
				CLANG_WARN_EMPTY_BODY = YES;
				CLANG_WARN_ENUM_CONVERSION = YES;
				CLANG_WARN_INFINITE_RECURSION = YES;
				CLANG_WARN_INT_CONVERSION = YES;
				CLANG_WARN_OBJC_ROOT_CLASS = YES_ERROR;
				CLANG_WARN_SUSPICIOUS_MOVES = YES;
				CLANG_WARN_UNREACHABLE_CODE = YES;
				CLANG_WARN__DUPLICATE_METHOD_MATCH = YES;
				"CODE_SIGN_IDENTITY[sdk=iphoneos*]" = "iPhone Developer";
				COPY_PHASE_STRIP = NO;
				DEBUG_INFORMATION_FORMAT = "dwarf-with-dsym";
				ENABLE_NS_ASSERTIONS = NO;
				ENABLE_STRICT_OBJC_MSGSEND = YES;
				GCC_C_LANGUAGE_STANDARD = gnu99;
				GCC_NO_COMMON_BLOCKS = YES;
				GCC_WARN_64_TO_32_BIT_CONVERSION = YES;
				GCC_WARN_ABOUT_RETURN_TYPE = YES_ERROR;
				GCC_WARN_UNDECLARED_SELECTOR = YES;
				GCC_WARN_UNINITIALIZED_AUTOS = YES_AGGRESSIVE;
				GCC_WARN_UNUSED_FUNCTION = YES;
				GCC_WARN_UNUSED_VARIABLE = YES;
				IPHONEOS_DEPLOYMENT_TARGET = 10.0;
				MTL_ENABLE_DEBUG_INFO = NO;
				SDKROOT = iphoneos;
				SWIFT_OPTIMIZATION_LEVEL = "-Owholemodule";
				TARGETED_DEVICE_FAMILY = "1,2";
				VALIDATE_PRODUCT = YES;
			};
			name = Release;
		};
		97F311E61DA0204200E38A10 /* Debug */ = {
			isa = XCBuildConfiguration;
			buildSettings = {
				ASSETCATALOG_COMPILER_APPICON_NAME = AppIcon;
				DEVELOPMENT_TEAM = T9CPVE2F3P;
				INFOPLIST_FILE = "ivan-social/Info.plist";
				LD_RUNPATH_SEARCH_PATHS = "$(inherited) @executable_path/Frameworks";
				PRODUCT_BUNDLE_IDENTIFIER = "com.IvanSlavov.ivan-social";
				PRODUCT_NAME = "$(TARGET_NAME)";
				SWIFT_VERSION = 3.0;
			};
			name = Debug;
		};
		97F311E71DA0204200E38A10 /* Release */ = {
			isa = XCBuildConfiguration;
			buildSettings = {
				ASSETCATALOG_COMPILER_APPICON_NAME = AppIcon;
				DEVELOPMENT_TEAM = T9CPVE2F3P;
				INFOPLIST_FILE = "ivan-social/Info.plist";
				LD_RUNPATH_SEARCH_PATHS = "$(inherited) @executable_path/Frameworks";
				PRODUCT_BUNDLE_IDENTIFIER = "com.IvanSlavov.ivan-social";
				PRODUCT_NAME = "$(TARGET_NAME)";
				SWIFT_VERSION = 3.0;
			};
			name = Release;
		};
/* End XCBuildConfiguration section */

/* Begin XCConfigurationList section */
		97F311CE1DA0204100E38A10 /* Build configuration list for PBXProject "ivan-social" */ = {
			isa = XCConfigurationList;
			buildConfigurations = (
				97F311E31DA0204200E38A10 /* Debug */,
				97F311E41DA0204200E38A10 /* Release */,
			);
			defaultConfigurationIsVisible = 0;
			defaultConfigurationName = Release;
		};
		97F311E51DA0204200E38A10 /* Build configuration list for PBXNativeTarget "ivan-social" */ = {
			isa = XCConfigurationList;
			buildConfigurations = (
				97F311E61DA0204200E38A10 /* Debug */,
				97F311E71DA0204200E38A10 /* Release */,
			);
			defaultConfigurationIsVisible = 0;
		};
/* End XCConfigurationList section */
	};
	rootObject = 97F311CB1DA0204100E38A10 /* Project object */;
}
